
Microsoft Visual Studio Solution File, Format Version 12.00
# Visual Studio Version 17
VisualStudioVersion = 17.14.36603.0 d17.14
MinimumVisualStudioVersion = 10.0.40219.1
Project("{888888A0-9F3D-457C-B088-3A5042F75D52}") = "IWSK_prog1", "IWSK_prog1\IWSK_prog1.pyproj", "{C8F122DD-35AB-48B2-AAD2-DA8C03FACEB0}"
EndProject
Global
	GlobalSection(SolutionConfigurationPlatforms) = preSolution
		Debug|Any CPU = Debug|Any CPU
		Release|Any CPU = Release|Any CPU
	EndGlobalSection
	GlobalSection(ProjectConfigurationPlatforms) = postSolution
		{C8F122DD-35AB-48B2-AAD2-DA8C03FACEB0}.Debug|Any CPU.ActiveCfg = Debug|Any CPU
		{C8F122DD-35AB-48B2-AAD2-DA8C03FACEB0}.Release|Any CPU.ActiveCfg = Release|Any CPU
	EndGlobalSection
	GlobalSection(SolutionProperties) = preSolution
		HideSolutionNode = FALSE
	EndGlobalSection
	GlobalSection(ExtensibilityGlobals) = postSolution
		SolutionGuid = {E76D980E-0DEB-4861-85FF-9BA7D6925457}
	EndGlobalSection
EndGlobal
